
Microsoft Visual Studio Solution File, Format Version 12.00
# Visual Studio Version 17
VisualStudioVersion = 17.4.33213.308
MinimumVisualStudioVersion = 10.0.40219.1
Project("{9A19103F-16F7-4668-BE54-9A1E7A4F7556}") = "L4.XAF.Blazor.Module", "L4.XAF.Blazor.Module\L4.XAF.Blazor.Module.csproj", "{6030F388-20FA-46C7-B039-72FCF0506934}"
EndProject
Project("{9A19103F-16F7-4668-BE54-9A1E7A4F7556}") = "L1.Domain", "L1.Domain\L1.Domain.csproj", "{34BA9729-086D-4FC3-9753-F7C71FC81D08}"
EndProject
Project("{2150E333-8FDC-42A3-9474-1A3956D46DE8}") = "SolutionFiles", "SolutionFiles", "{10E5F364-1644-4EE6-A875-7A4F4DB74ABF}"
	ProjectSection(SolutionItems) = preProject
		Directory.Packages.props = Directory.Packages.props
		NuGet.Config = NuGet.Config
		Directory.Build.props = Directory.Build.props
	EndProjectSection
EndProject
Project("{9A19103F-16F7-4668-BE54-9A1E7A4F7556}") = "L2.EfCore.Infrastructure", "L2.EfCore.Infrastructure\L2.EfCore.Infrastructure.csproj", "{8313274F-2DC0-4EF3-8CB6-303F1F852D4D}"
EndProject
Project("{9A19103F-16F7-4668-BE54-9A1E7A4F7556}") = "L5.XAF.Blazor.Server", "L5.XAF.Blazor.Server\L5.XAF.Blazor.Server.csproj", "{E901BE9F-15C0-42B5-BF4D-3EFF37D82AF5}"
EndProject
Project("{9A19103F-16F7-4668-BE54-9A1E7A4F7556}") = "L3.EfCore.Migrations", "L3.EfCore.Migrations\L3.EfCore.Migrations.csproj", "{CBA5ED7D-613A-46AF-8A2A-A6D5CE6AE195}"
EndProject
Project("{9A19103F-16F7-4668-BE54-9A1E7A4F7556}") = "L3.XAF.Common.Module", "L3.XAF.Common.Module\L3.XAF.Common.Module.csproj", "{DF977F04-A8A3-431E-BD39-2858598F2C25}"
EndProject
Project("{9A19103F-16F7-4668-BE54-9A1E7A4F7556}") = "L5.XAF.Desktop.Launcher", "L5.XAF.Desktop.Launcher\L5.XAF.Desktop.Launcher.csproj", "{E1572CA9-A68C-4549-A9C4-77C83757BD00}"
EndProject
Global
	GlobalSection(SolutionConfigurationPlatforms) = preSolution
		Debug|Any CPU = Debug|Any CPU
		EasyTest|Any CPU = EasyTest|Any CPU
		Release|Any CPU = Release|Any CPU
	EndGlobalSection
	GlobalSection(ProjectConfigurationPlatforms) = postSolution
		{6030F388-20FA-46C7-B039-72FCF0506934}.Debug|Any CPU.ActiveCfg = Debug|Any CPU
		{6030F388-20FA-46C7-B039-72FCF0506934}.Debug|Any CPU.Build.0 = Debug|Any CPU
		{6030F388-20FA-46C7-B039-72FCF0506934}.EasyTest|Any CPU.ActiveCfg = Release|Any CPU
		{6030F388-20FA-46C7-B039-72FCF0506934}.EasyTest|Any CPU.Build.0 = Release|Any CPU
		{6030F388-20FA-46C7-B039-72FCF0506934}.Release|Any CPU.ActiveCfg = Release|Any CPU
		{6030F388-20FA-46C7-B039-72FCF0506934}.Release|Any CPU.Build.0 = Release|Any CPU
		{34BA9729-086D-4FC3-9753-F7C71FC81D08}.Debug|Any CPU.ActiveCfg = Debug|Any CPU
		{34BA9729-086D-4FC3-9753-F7C71FC81D08}.Debug|Any CPU.Build.0 = Debug|Any CPU
		{34BA9729-086D-4FC3-9753-F7C71FC81D08}.EasyTest|Any CPU.ActiveCfg = Debug|Any CPU
		{34BA9729-086D-4FC3-9753-F7C71FC81D08}.EasyTest|Any CPU.Build.0 = Debug|Any CPU
		{34BA9729-086D-4FC3-9753-F7C71FC81D08}.Release|Any CPU.ActiveCfg = Release|Any CPU
		{34BA9729-086D-4FC3-9753-F7C71FC81D08}.Release|Any CPU.Build.0 = Release|Any CPU
		{8313274F-2DC0-4EF3-8CB6-303F1F852D4D}.Debug|Any CPU.ActiveCfg = Debug|Any CPU
		{8313274F-2DC0-4EF3-8CB6-303F1F852D4D}.Debug|Any CPU.Build.0 = Debug|Any CPU
		{8313274F-2DC0-4EF3-8CB6-303F1F852D4D}.EasyTest|Any CPU.ActiveCfg = Debug|Any CPU
		{8313274F-2DC0-4EF3-8CB6-303F1F852D4D}.EasyTest|Any CPU.Build.0 = Debug|Any CPU
		{8313274F-2DC0-4EF3-8CB6-303F1F852D4D}.Release|Any CPU.ActiveCfg = Release|Any CPU
		{8313274F-2DC0-4EF3-8CB6-303F1F852D4D}.Release|Any CPU.Build.0 = Release|Any CPU
		{E901BE9F-15C0-42B5-BF4D-3EFF37D82AF5}.Debug|Any CPU.ActiveCfg = Debug|Any CPU
		{E901BE9F-15C0-42B5-BF4D-3EFF37D82AF5}.Debug|Any CPU.Build.0 = Debug|Any CPU
		{E901BE9F-15C0-42B5-BF4D-3EFF37D82AF5}.EasyTest|Any CPU.ActiveCfg = Debug|Any CPU
		{E901BE9F-15C0-42B5-BF4D-3EFF37D82AF5}.EasyTest|Any CPU.Build.0 = Debug|Any CPU
		{E901BE9F-15C0-42B5-BF4D-3EFF37D82AF5}.Release|Any CPU.ActiveCfg = Release|Any CPU
		{E901BE9F-15C0-42B5-BF4D-3EFF37D82AF5}.Release|Any CPU.Build.0 = Release|Any CPU
		{CBA5ED7D-613A-46AF-8A2A-A6D5CE6AE195}.Debug|Any CPU.ActiveCfg = Debug|Any CPU
		{CBA5ED7D-613A-46AF-8A2A-A6D5CE6AE195}.Debug|Any CPU.Build.0 = Debug|Any CPU
		{CBA5ED7D-613A-46AF-8A2A-A6D5CE6AE195}.EasyTest|Any CPU.ActiveCfg = Debug|Any CPU
		{CBA5ED7D-613A-46AF-8A2A-A6D5CE6AE195}.EasyTest|Any CPU.Build.0 = Debug|Any CPU
		{CBA5ED7D-613A-46AF-8A2A-A6D5CE6AE195}.Release|Any CPU.ActiveCfg = Release|Any CPU
		{CBA5ED7D-613A-46AF-8A2A-A6D5CE6AE195}.Release|Any CPU.Build.0 = Release|Any CPU
		{DF977F04-A8A3-431E-BD39-2858598F2C25}.Debug|Any CPU.ActiveCfg = Debug|Any CPU
		{DF977F04-A8A3-431E-BD39-2858598F2C25}.Debug|Any CPU.Build.0 = Debug|Any CPU
		{DF977F04-A8A3-431E-BD39-2858598F2C25}.EasyTest|Any CPU.ActiveCfg = Debug|Any CPU
		{DF977F04-A8A3-431E-BD39-2858598F2C25}.EasyTest|Any CPU.Build.0 = Debug|Any CPU
		{DF977F04-A8A3-431E-BD39-2858598F2C25}.Release|Any CPU.ActiveCfg = Release|Any CPU
		{DF977F04-A8A3-431E-BD39-2858598F2C25}.Release|Any CPU.Build.0 = Release|Any CPU
		{E1572CA9-A68C-4549-A9C4-77C83757BD00}.Debug|Any CPU.ActiveCfg = Debug|Any CPU
		{E1572CA9-A68C-4549-A9C4-77C83757BD00}.Debug|Any CPU.Build.0 = Debug|Any CPU
		{E1572CA9-A68C-4549-A9C4-77C83757BD00}.EasyTest|Any CPU.ActiveCfg = Debug|Any CPU
		{E1572CA9-A68C-4549-A9C4-77C83757BD00}.EasyTest|Any CPU.Build.0 = Debug|Any CPU
		{E1572CA9-A68C-4549-A9C4-77C83757BD00}.Release|Any CPU.ActiveCfg = Release|Any CPU
		{E1572CA9-A68C-4549-A9C4-77C83757BD00}.Release|Any CPU.Build.0 = Release|Any CPU
	EndGlobalSection
	GlobalSection(SolutionProperties) = preSolution
		HideSolutionNode = FALSE
	EndGlobalSection
	GlobalSection(ExtensibilityGlobals) = postSolution
		SolutionGuid = {82782DD0-3154-439D-B551-D3E0096F9084}
	EndGlobalSection
EndGlobal
